
Microsoft Visual Studio Solution File, Format Version 12.00
# Visual Studio Version 16
VisualStudioVersion = 16.0.31702.278
MinimumVisualStudioVersion = 10.0.40219.1
Project("{FAE04EC0-301F-11D3-BF4B-00C04F79EFBC}") = "Sudoku", "Sudoku\Sudoku.csproj", "{1F574DB5-2003-46D5-BFD6-8332FF38DC97}"
EndProject
Global
	GlobalSection(SolutionConfigurationPlatforms) = preSolution
		Debug|Any CPU = Debug|Any CPU
		Release|Any CPU = Release|Any CPU
	EndGlobalSection
	GlobalSection(ProjectConfigurationPlatforms) = postSolution
		{1F574DB5-2003-46D5-BFD6-8332FF38DC97}.Debug|Any CPU.ActiveCfg = Debug|Any CPU
		{1F574DB5-2003-46D5-BFD6-8332FF38DC97}.Debug|Any CPU.Build.0 = Debug|Any CPU
		{1F574DB5-2003-46D5-BFD6-8332FF38DC97}.Release|Any CPU.ActiveCfg = Release|Any CPU
		{1F574DB5-2003-46D5-BFD6-8332FF38DC97}.Release|Any CPU.Build.0 = Release|Any CPU
	EndGlobalSection
	GlobalSection(SolutionProperties) = preSolution
		HideSolutionNode = FALSE
	EndGlobalSection
	GlobalSection(ExtensibilityGlobals) = postSolution
		SolutionGuid = {A627D247-B5A4-4B02-9BED-D4673A661A50}
	EndGlobalSection
EndGlobal
